
Microsoft Visual Studio Solution File, Format Version 12.00
# Visual Studio Version 16
VisualStudioVersion = 16.0.29306.81
MinimumVisualStudioVersion = 10.0.40219.1
Project("{FAE04EC0-301F-11D3-BF4B-00C04F79EFBC}") = "Branch", "Branch\Branch.csproj", "{CC666B44-9F85-4078-8F51-7CC96CCCC82B}"
EndProject
Global
	GlobalSection(SolutionConfigurationPlatforms) = preSolution
		Debug|Any CPU = Debug|Any CPU
		Release|Any CPU = Release|Any CPU
	EndGlobalSection
	GlobalSection(ProjectConfigurationPlatforms) = postSolution
		{CC666B44-9F85-4078-8F51-7CC96CCCC82B}.Debug|Any CPU.ActiveCfg = Debug|Any CPU
		{CC666B44-9F85-4078-8F51-7CC96CCCC82B}.Debug|Any CPU.Build.0 = Debug|Any CPU
		{CC666B44-9F85-4078-8F51-7CC96CCCC82B}.Release|Any CPU.ActiveCfg = Release|Any CPU
		{CC666B44-9F85-4078-8F51-7CC96CCCC82B}.Release|Any CPU.Build.0 = Release|Any CPU
	EndGlobalSection
	GlobalSection(SolutionProperties) = preSolution
		HideSolutionNode = FALSE
	EndGlobalSection
	GlobalSection(ExtensibilityGlobals) = postSolution
		SolutionGuid = {1A88820E-2253-4117-B135-9689D3FCC621}
	EndGlobalSection
EndGlobal
